Microsoft Visual Studio Solution File, Format Version 11.00
# Visual Studio 2008

Project("{220E4E71-9BA0-53A7-CD21-397A47F91975}") = "MMO", "Assembly-CSharp.csproj", "{CAEB3896-DDD4-15A7-D54A-C105D91C147F}"
EndProject
Project("{220E4E71-9BA0-53A7-CD21-397A47F91975}") = "MMO", "Assembly-CSharp-Editor.csproj", "{8192261E-49C1-5D1B-2642-3A3BC4092658}"
EndProject
Global
	GlobalSection(SolutionConfigurationPlatforms) = preSolution
		Debug|Any CPU = Debug|Any CPU
		Release|Any CPU = Release|Any CPU
	EndGlobalSection
	GlobalSection(ProjectConfigurationPlatforms) = postSolution
		{CAEB3896-DDD4-15A7-D54A-C105D91C147F}.Debug|Any CPU.ActiveCfg = Debug|Any CPU
		{CAEB3896-DDD4-15A7-D54A-C105D91C147F}.Debug|Any CPU.Build.0 = Debug|Any CPU
		{CAEB3896-DDD4-15A7-D54A-C105D91C147F}.Release|Any CPU.ActiveCfg = Release|Any CPU
		{CAEB3896-DDD4-15A7-D54A-C105D91C147F}.Release|Any CPU.Build.0 = Release|Any CPU
		{8192261E-49C1-5D1B-2642-3A3BC4092658}.Debug|Any CPU.ActiveCfg = Debug|Any CPU
		{8192261E-49C1-5D1B-2642-3A3BC4092658}.Debug|Any CPU.Build.0 = Debug|Any CPU
		{8192261E-49C1-5D1B-2642-3A3BC4092658}.Release|Any CPU.ActiveCfg = Release|Any CPU
		{8192261E-49C1-5D1B-2642-3A3BC4092658}.Release|Any CPU.Build.0 = Release|Any CPU
	EndGlobalSection
	GlobalSection(SolutionProperties) = preSolution
		HideSolutionNode = FALSE
	EndGlobalSection
																																																																																																																																								GlobalSection(MonoDevelopProperties) = preSolution
=======
																																																																																																													GlobalSection(MonoDevelopProperties) = preSolution
>>>>>>> e7631b7cede3333a8cb3a67df593f4aa64dba3b6
=======
	EndGlobalSection
															GlobalSection(MonoDevelopProperties) = preSolution
=======
																					GlobalSection(MonoDevelopProperties) = preSolution
>>>>>>> origin/master
=======
	EndGlobalSection
		GlobalSection(MonoDevelopProperties) = preSolution
>>>>>>> 4b4a29e1a3ea953fab90f29fb4b15cbd7de4d9fa
		StartupItem = Assembly-CSharp.csproj
		Policies = $0
		$0.TextStylePolicy = $1
		$1.inheritsSet = null
		$1.scope = text/x-csharp
		$0.CSharpFormattingPolicy = $2
		$2.inheritsSet = Mono
		$2.inheritsScope = text/x-csharp
		$2.scope = text/x-csharp
		$0.TextStylePolicy = $3
		$3.FileWidth = 120
		$3.TabsToSpaces = False
		$3.EolMarker = Unix
		$3.inheritsSet = VisualStudio
		$3.inheritsScope = text/plain
		$3.scope = text/plain
		$0.DotNetNamingPolicy = $4
		$4.DirectoryNamespaceAssociation = None
		$4.ResourceNamePolicy = FileFormatDefault
		$0.TextStylePolicy = $5
		$5.inheritsSet = null
		$5.scope = text/x-shader
		$0.TextStylePolicy = $6
		$6.inheritsSet = null
		$6.scope = text/x-unitytxt
		GlobalSection(MonoDevelopProperties) = preSolution
		GlobalSection(MonoDevelopProperties) = preSolution
		GlobalSection(MonoDevelopProperties) = preSolution
		GlobalSection(MonoDevelopProperties) = preSolution
		GlobalSection(MonoDevelopProperties) = preSolution
		GlobalSection(MonoDevelopProperties) = preSolution
		GlobalSection(MonoDevelopProperties) = preSolution
		GlobalSection(MonoDevelopProperties) = preSolution
		GlobalSection(MonoDevelopProperties) = preSolution
		GlobalSection(MonoDevelopProperties) = preSolution
		GlobalSection(MonoDevelopProperties) = preSolution
		GlobalSection(MonoDevelopProperties) = preSolution
		GlobalSection(MonoDevelopProperties) = preSolution
		GlobalSection(MonoDevelopProperties) = preSolution
		GlobalSection(MonoDevelopProperties) = preSolution
	EndGlobalSection

EndGlobal
